
Microsoft Visual Studio Solution File, Format Version 9.00
# Visual C# Express 2005
Project("{FAE04EC0-301F-11D3-BF4B-00C04F79EFBC}") = "WinSmit", "WinSmit\WinSmit.csproj", "{DD6F78AE-5214-4934-B9FA-CAB9D5F4F1D5}"
	ProjectSection(ProjectDependencies) = postProject
		{C40FE908-4020-459D-9424-5E3121D32F6A} = {C40FE908-4020-459D-9424-5E3121D32F6A}
	EndProjectSection
EndProject
Project("{FAE04EC0-301F-11D3-BF4B-00C04F79EFBC}") = "WinSmitLib", "WinSmitLib\WinSmitLib.csproj", "{C40FE908-4020-459D-9424-5E3121D32F6A}"
EndProject
Global
	GlobalSection(SolutionConfigurationPlatforms) = preSolution
		Debug|Any CPU = Debug|Any CPU
		Release|Any CPU = Release|Any CPU
	EndGlobalSection
	GlobalSection(ProjectConfigurationPlatforms) = postSolution
		{DD6F78AE-5214-4934-B9FA-CAB9D5F4F1D5}.Debug|Any CPU.ActiveCfg = Debug|Any CPU
		{DD6F78AE-5214-4934-B9FA-CAB9D5F4F1D5}.Debug|Any CPU.Build.0 = Debug|Any CPU
		{DD6F78AE-5214-4934-B9FA-CAB9D5F4F1D5}.Release|Any CPU.ActiveCfg = Release|Any CPU
		{DD6F78AE-5214-4934-B9FA-CAB9D5F4F1D5}.Release|Any CPU.Build.0 = Release|Any CPU
		{C40FE908-4020-459D-9424-5E3121D32F6A}.Debug|Any CPU.ActiveCfg = Debug|Any CPU
		{C40FE908-4020-459D-9424-5E3121D32F6A}.Debug|Any CPU.Build.0 = Debug|Any CPU
		{C40FE908-4020-459D-9424-5E3121D32F6A}.Release|Any CPU.ActiveCfg = Release|Any CPU
		{C40FE908-4020-459D-9424-5E3121D32F6A}.Release|Any CPU.Build.0 = Release|Any CPU
	EndGlobalSection
	GlobalSection(SolutionProperties) = preSolution
		HideSolutionNode = FALSE
	EndGlobalSection
EndGlobal
